// !$*UTF8*$!
{
	archiveVersion = 1;
	classes = {
	};
	objectVersion = 46;
	objects = {

/* Begin PBXBuildFile section */
		350182861DFC5765002547F9 /* Platform.cpp in Sources */ = {isa = PBXBuildFile; fileRef = 350182841DFC5765002547F9 /* Platform.cpp */; };
		350182891DFC57A7002547F9 /* Collider.cpp in Sources */ = {isa = PBXBuildFile; fileRef = 350182871DFC57A7002547F9 /* Collider.cpp */; };
		3501828C1DFC57E6002547F9 /* Player.cpp in Sources */ = {isa = PBXBuildFile; fileRef = 3501828A1DFC57E6002547F9 /* Player.cpp */; };
		350182901DFC5C16002547F9 /* Interactions.cpp in Sources */ = {isa = PBXBuildFile; fileRef = 3501828E1DFC5C16002547F9 /* Interactions.cpp */; };
		350182931DFF3EC4002547F9 /* Screen.cpp in Sources */ = {isa = PBXBuildFile; fileRef = 350182911DFF3EC4002547F9 /* Screen.cpp */; };
		350182961E01C07F002547F9 /* GameFundamental.cpp in Sources */ = {isa = PBXBuildFile; fileRef = 350182941E01C07F002547F9 /* GameFundamental.cpp */; };
		350182981E01DCA7002547F9 /* Game.cpp in Sources */ = {isa = PBXBuildFile; fileRef = 350182971E01DCA6002547F9 /* Game.cpp */; };
		3501829B1E06E065002547F9 /* Plaque.cpp in Sources */ = {isa = PBXBuildFile; fileRef = 350182991E06E065002547F9 /* Plaque.cpp */; };
		3501829E1E06E075002547F9 /* PlaqueSet.cpp in Sources */ = {isa = PBXBuildFile; fileRef = 3501829C1E06E075002547F9 /* PlaqueSet.cpp */; };
		351B6A9B1E12D23D000A6B15 /* ObjectFundamental.cpp in Sources */ = {isa = PBXBuildFile; fileRef = 351B6A991E12D23D000A6B15 /* ObjectFundamental.cpp */; };
		351B6A9F1E155CF3000A6B15 /* Bat.cpp in Sources */ = {isa = PBXBuildFile; fileRef = 351B6A9D1E155CF3000A6B15 /* Bat.cpp */; };
		351B6AA21E155DA1000A6B15 /* Ball.cpp in Sources */ = {isa = PBXBuildFile; fileRef = 351B6AA01E155DA1000A6B15 /* Ball.cpp */; };
		351B6AA51E155E1C000A6B15 /* Pong.cpp in Sources */ = {isa = PBXBuildFile; fileRef = 351B6AA31E155E1C000A6B15 /* Pong.cpp */; };
		351B6AA81E156068000A6B15 /* DS-DIGIT.TTF in Resources */ = {isa = PBXBuildFile; fileRef = 351B6AA71E156068000A6B15 /* DS-DIGIT.TTF */; };
		351B6AAB1E15682F000A6B15 /* Bob.cpp in Sources */ = {isa = PBXBuildFile; fileRef = 351B6AA91E15682F000A6B15 /* Bob.cpp */; };
		351B6AAF1E1568DF000A6B15 /* Engine.cpp in Sources */ = {isa = PBXBuildFile; fileRef = 351B6AAD1E1568DF000A6B15 /* Engine.cpp */; };
		351B6AB11E156A6B000A6B15 /* bob.png in Resources */ = {isa = PBXBuildFile; fileRef = 351B6AB01E156A6B000A6B15 /* bob.png */; };
		351B6AB41E1577BD000A6B15 /* HUD.cpp in Sources */ = {isa = PBXBuildFile; fileRef = 351B6AB21E1577BD000A6B15 /* HUD.cpp */; };
		351B6AB91E159819000A6B15 /* Block.cpp in Sources */ = {isa = PBXBuildFile; fileRef = 351B6AB71E159819000A6B15 /* Block.cpp */; };
		351B6ABC1E159C2A000A6B15 /* Hitter.cpp in Sources */ = {isa = PBXBuildFile; fileRef = 351B6ABA1E159C2A000A6B15 /* Hitter.cpp */; };
		351B6ABF1E15A988000A6B15 /* Blocks.cpp in Sources */ = {isa = PBXBuildFile; fileRef = 351B6ABD1E15A988000A6B15 /* Blocks.cpp */; };
		3535A0AB1DF89B1F008D0DBE /* ResourcePath.mm in Sources */ = {isa = PBXBuildFile; fileRef = 3535A0AA1DF89B1F008D0DBE /* ResourcePath.mm */; };
		3535A0AE1DF89B1F008D0DBE /* main.cpp in Sources */ = {isa = PBXBuildFile; fileRef = 3535A0AD1DF89B1F008D0DBE /* main.cpp */; };
		3535A0B11DF89B1F008D0DBE /* cute_image.jpg in Resources */ = {isa = PBXBuildFile; fileRef = 3535A0B01DF89B1F008D0DBE /* cute_image.jpg */; };
		3535A0B31DF89B1F008D0DBE /* nice_music.ogg in Resources */ = {isa = PBXBuildFile; fileRef = 3535A0B21DF89B1F008D0DBE /* nice_music.ogg */; };
		3535A0B51DF89B1F008D0DBE /* sansation.ttf in Resources */ = {isa = PBXBuildFile; fileRef = 3535A0B41DF89B1F008D0DBE /* sansation.ttf */; };
		3535A0B71DF89B1F008D0DBE /* icon.png in Resources */ = {isa = PBXBuildFile; fileRef = 3535A0B61DF89B1F008D0DBE /* icon.png */; };
		359EFC451E54EAA70071E07D /* sound.cpp in Sources */ = {isa = PBXBuildFile; fileRef = 359EFC431E54EAA70071E07D /* sound.cpp */; };
/* End PBXBuildFile section */

/* Begin PBXFileReference section */
		350182841DFC5765002547F9 /* Platform.cpp */ = {isa = PBXFileReference; fileEncoding = 4; lastKnownFileType = sourcecode.cpp.cpp; path = Platform.cpp; sourceTree = "<group>"; };
		350182851DFC5765002547F9 /* Platform.h */ = {isa = PBXFileReference; fileEncoding = 4; lastKnownFileType = sourcecode.c.h; path = Platform.h; sourceTree = "<group>"; };
		350182871DFC57A7002547F9 /* Collider.cpp */ = {isa = PBXFileReference; fileEncoding = 4; lastKnownFileType = sourcecode.cpp.cpp; path = Collider.cpp; sourceTree = "<group>"; };
		350182881DFC57A7002547F9 /* Collider.h */ = {isa = PBXFileReference; fileEncoding = 4; lastKnownFileType = sourcecode.c.h; path = Collider.h; sourceTree = "<group>"; };
		3501828A1DFC57E6002547F9 /* Player.cpp */ = {isa = PBXFileReference; fileEncoding = 4; lastKnownFileType = sourcecode.cpp.cpp; path = Player.cpp; sourceTree = "<group>"; };
		3501828B1DFC57E6002547F9 /* Player.h */ = {isa = PBXFileReference; fileEncoding = 4; lastKnownFileType = sourcecode.c.h; path = Player.h; sourceTree = "<group>"; };
		3501828D1DFC5824002547F9 /* Game.h */ = {isa = PBXFileReference; lastKnownFileType = sourcecode.c.h; path = Game.h; sourceTree = "<group>"; };
		3501828E1DFC5C16002547F9 /* Interactions.cpp */ = {isa = PBXFileReference; fileEncoding = 4; lastKnownFileType = sourcecode.cpp.cpp; path = Interactions.cpp; sourceTree = "<group>"; };
		3501828F1DFC5C16002547F9 /* Interactions.h */ = {isa = PBXFileReference; fileEncoding = 4; lastKnownFileType = sourcecode.c.h; path = Interactions.h; sourceTree = "<group>"; };
		350182911DFF3EC4002547F9 /* Screen.cpp */ = {isa = PBXFileReference; fileEncoding = 4; lastKnownFileType = sourcecode.cpp.cpp; path = Screen.cpp; sourceTree = "<group>"; };
		350182921DFF3EC4002547F9 /* Screen.h */ = {isa = PBXFileReference; fileEncoding = 4; lastKnownFileType = sourcecode.c.h; path = Screen.h; sourceTree = "<group>"; };
		350182941E01C07F002547F9 /* GameFundamental.cpp */ = {isa = PBXFileReference; fileEncoding = 4; lastKnownFileType = sourcecode.cpp.cpp; path = GameFundamental.cpp; sourceTree = "<group>"; };
		350182951E01C07F002547F9 /* GameFundamental.h */ = {isa = PBXFileReference; fileEncoding = 4; lastKnownFileType = sourcecode.c.h; path = GameFundamental.h; sourceTree = "<group>"; };
		350182971E01DCA6002547F9 /* Game.cpp */ = {isa = PBXFileReference; fileEncoding = 4; lastKnownFileType = sourcecode.cpp.cpp; path = Game.cpp; sourceTree = "<group>"; };
		350182991E06E065002547F9 /* Plaque.cpp */ = {isa = PBXFileReference; fileEncoding = 4; lastKnownFileType = sourcecode.cpp.cpp; path = Plaque.cpp; sourceTree = "<group>"; };
		3501829A1E06E065002547F9 /* Plaque.h */ = {isa = PBXFileReference; fileEncoding = 4; lastKnownFileType = sourcecode.c.h; path = Plaque.h; sourceTree = "<group>"; };
		3501829C1E06E075002547F9 /* PlaqueSet.cpp */ = {isa = PBXFileReference; fileEncoding = 4; lastKnownFileType = sourcecode.cpp.cpp; path = PlaqueSet.cpp; sourceTree = "<group>"; };
		3501829D1E06E075002547F9 /* PlaqueSet.h */ = {isa = PBXFileReference; fileEncoding = 4; lastKnownFileType = sourcecode.c.h; path = PlaqueSet.h; sourceTree = "<group>"; };
		351B6A991E12D23D000A6B15 /* ObjectFundamental.cpp */ = {isa = PBXFileReference; fileEncoding = 4; lastKnownFileType = sourcecode.cpp.cpp; path = ObjectFundamental.cpp; sourceTree = "<group>"; };
		351B6A9A1E12D23D000A6B15 /* ObjectFundamental.h */ = {isa = PBXFileReference; fileEncoding = 4; lastKnownFileType = sourcecode.c.h; path = ObjectFundamental.h; sourceTree = "<group>"; };
		351B6A9D1E155CF3000A6B15 /* Bat.cpp */ = {isa = PBXFileReference; fileEncoding = 4; lastKnownFileType = sourcecode.cpp.cpp; path = Bat.cpp; sourceTree = "<group>"; };
		351B6A9E1E155CF3000A6B15 /* Bat.h */ = {isa = PBXFileReference; fileEncoding = 4; lastKnownFileType = sourcecode.c.h; path = Bat.h; sourceTree = "<group>"; };
		351B6AA01E155DA1000A6B15 /* Ball.cpp */ = {isa = PBXFileReference; fileEncoding = 4; lastKnownFileType = sourcecode.cpp.cpp; path = Ball.cpp; sourceTree = "<group>"; };
		351B6AA11E155DA1000A6B15 /* Ball.h */ = {isa = PBXFileReference; fileEncoding = 4; lastKnownFileType = sourcecode.c.h; path = Ball.h; sourceTree = "<group>"; };
		351B6AA31E155E1C000A6B15 /* Pong.cpp */ = {isa = PBXFileReference; fileEncoding = 4; lastKnownFileType = sourcecode.cpp.cpp; path = Pong.cpp; sourceTree = "<group>"; };
		351B6AA41E155E1C000A6B15 /* Pong.h */ = {isa = PBXFileReference; fileEncoding = 4; lastKnownFileType = sourcecode.c.h; path = Pong.h; sourceTree = "<group>"; };
		351B6AA71E156068000A6B15 /* DS-DIGIT.TTF */ = {isa = PBXFileReference; lastKnownFileType = file; path = "DS-DIGIT.TTF"; sourceTree = "<group>"; };
		351B6AA91E15682F000A6B15 /* Bob.cpp */ = {isa = PBXFileReference; fileEncoding = 4; lastKnownFileType = sourcecode.cpp.cpp; path = Bob.cpp; sourceTree = "<group>"; };
		351B6AAA1E15682F000A6B15 /* Bob.h */ = {isa = PBXFileReference; fileEncoding = 4; lastKnownFileType = sourcecode.c.h; path = Bob.h; sourceTree = "<group>"; };
		351B6AAD1E1568DF000A6B15 /* Engine.cpp */ = {isa = PBXFileReference; fileEncoding = 4; lastKnownFileType = sourcecode.cpp.cpp; path = Engine.cpp; sourceTree = "<group>"; };
		351B6AAE1E1568DF000A6B15 /* Engine.h */ = {isa = PBXFileReference; fileEncoding = 4; lastKnownFileType = sourcecode.c.h; path = Engine.h; sourceTree = "<group>"; };
		351B6AB01E156A6B000A6B15 /* bob.png */ = {isa = PBXFileReference; lastKnownFileType = image.png; path = bob.png; sourceTree = "<group>"; };
		351B6AB21E1577BD000A6B15 /* HUD.cpp */ = {isa = PBXFileReference; fileEncoding = 4; lastKnownFileType = sourcecode.cpp.cpp; path = HUD.cpp; sourceTree = "<group>"; };
		351B6AB31E1577BD000A6B15 /* HUD.h */ = {isa = PBXFileReference; fileEncoding = 4; lastKnownFileType = sourcecode.c.h; path = HUD.h; sourceTree = "<group>"; };
		351B6AB51E157E65000A6B15 /* utils.h */ = {isa = PBXFileReference; lastKnownFileType = sourcecode.c.h; path = utils.h; sourceTree = "<group>"; };
		351B6AB71E159819000A6B15 /* Block.cpp */ = {isa = PBXFileReference; fileEncoding = 4; lastKnownFileType = sourcecode.cpp.cpp; path = Block.cpp; sourceTree = "<group>"; };
		351B6AB81E159819000A6B15 /* Block.h */ = {isa = PBXFileReference; fileEncoding = 4; lastKnownFileType = sourcecode.c.h; path = Block.h; sourceTree = "<group>"; };
		351B6ABA1E159C2A000A6B15 /* Hitter.cpp */ = {isa = PBXFileReference; fileEncoding = 4; lastKnownFileType = sourcecode.cpp.cpp; path = Hitter.cpp; sourceTree = "<group>"; };
		351B6ABB1E159C2A000A6B15 /* Hitter.h */ = {isa = PBXFileReference; fileEncoding = 4; lastKnownFileType = sourcecode.c.h; path = Hitter.h; sourceTree = "<group>"; };
		351B6ABD1E15A988000A6B15 /* Blocks.cpp */ = {isa = PBXFileReference; fileEncoding = 4; lastKnownFileType = sourcecode.cpp.cpp; path = Blocks.cpp; sourceTree = "<group>"; };
		351B6ABE1E15A988000A6B15 /* Blocks.h */ = {isa = PBXFileReference; fileEncoding = 4; lastKnownFileType = sourcecode.c.h; path = Blocks.h; sourceTree = "<group>"; };
		3535A0A51DF89B1F008D0DBE /* TestApp.app */ = {isa = PBXFileReference; explicitFileType = wrapper.application; includeInIndex = 0; path = TestApp.app; sourceTree = BUILT_PRODUCTS_DIR; };
		3535A0A91DF89B1F008D0DBE /* TestApp-Info.plist */ = {isa = PBXFileReference; lastKnownFileType = text.plist.xml; path = "TestApp-Info.plist"; sourceTree = "<group>"; };
		3535A0AA1DF89B1F008D0DBE /* ResourcePath.mm */ = {isa = PBXFileReference; lastKnownFileType = sourcecode.cpp.objcpp; path = ResourcePath.mm; sourceTree = "<group>"; };
		3535A0AC1DF89B1F008D0DBE /* ResourcePath.hpp */ = {isa = PBXFileReference; lastKnownFileType = sourcecode.cpp.h; path = ResourcePath.hpp; sourceTree = "<group>"; };
		3535A0AD1DF89B1F008D0DBE /* main.cpp */ = {isa = PBXFileReference; lastKnownFileType = sourcecode.cpp.cpp; path = main.cpp; sourceTree = "<group>"; };
		3535A0B01DF89B1F008D0DBE /* cute_image.jpg */ = {isa = PBXFileReference; lastKnownFileType = image.jpeg; path = cute_image.jpg; sourceTree = "<group>"; };
		3535A0B21DF89B1F008D0DBE /* nice_music.ogg */ = {isa = PBXFileReference; lastKnownFileType = file; path = nice_music.ogg; sourceTree = "<group>"; };
		3535A0B41DF89B1F008D0DBE /* sansation.ttf */ = {isa = PBXFileReference; lastKnownFileType = file; path = sansation.ttf; sourceTree = "<group>"; };
		3535A0B61DF89B1F008D0DBE /* icon.png */ = {isa = PBXFileReference; lastKnownFileType = image.png; path = icon.png; sourceTree = "<group>"; };
		359EFC431E54EAA70071E07D /* sound.cpp */ = {isa = PBXFileReference; fileEncoding = 4; lastKnownFileType = sourcecode.cpp.cpp; path = sound.cpp; sourceTree = "<group>"; };
		359EFC441E54EAA70071E07D /* sound.h */ = {isa = PBXFileReference; fileEncoding = 4; lastKnownFileType = sourcecode.c.h; path = sound.h; sourceTree = "<group>"; };
/* End PBXFileReference section */

/* Begin PBXFrameworksBuildPhase section */
		3535A0A11DF89B1F008D0DBE /* Frameworks */ = {
			isa = PBXFrameworksBuildPhase;
			buildActionMask = 2147483647;
			files = (
			);
			runOnlyForDeploymentPostprocessing = 0;
		};
/* End PBXFrameworksBuildPhase section */

/* Begin PBXGroup section */
		351B6A9C1E155CE2000A6B15 /* GameEntities */ = {
			isa = PBXGroup;
			children = (
				351B6A9D1E155CF3000A6B15 /* Bat.cpp */,
				351B6A9E1E155CF3000A6B15 /* Bat.h */,
				351B6AA01E155DA1000A6B15 /* Ball.cpp */,
				351B6ABD1E15A988000A6B15 /* Blocks.cpp */,
				351B6ABE1E15A988000A6B15 /* Blocks.h */,
				351B6AB81E159819000A6B15 /* Block.h */,
				351B6AB71E159819000A6B15 /* Block.cpp */,
				351B6AA91E15682F000A6B15 /* Bob.cpp */,
				351B6AAA1E15682F000A6B15 /* Bob.h */,
				351B6AA11E155DA1000A6B15 /* Ball.h */,
			);
			name = GameEntities;
			sourceTree = "<group>";
		};
		351B6AA61E155E31000A6B15 /* Games */ = {
			isa = PBXGroup;
			children = (
				351B6AA31E155E1C000A6B15 /* Pong.cpp */,
				351B6AA41E155E1C000A6B15 /* Pong.h */,
			);
			name = Games;
			sourceTree = "<group>";
		};
		351B6AAC1E1568CF000A6B15 /* GameEngine */ = {
			isa = PBXGroup;
			children = (
				351B6AAD1E1568DF000A6B15 /* Engine.cpp */,
				350182881DFC57A7002547F9 /* Collider.h */,
				350182871DFC57A7002547F9 /* Collider.cpp */,
				351B6AAE1E1568DF000A6B15 /* Engine.h */,
				351B6ABA1E159C2A000A6B15 /* Hitter.cpp */,
				351B6ABB1E159C2A000A6B15 /* Hitter.h */,
				351B6AB21E1577BD000A6B15 /* HUD.cpp */,
				351B6AB31E1577BD000A6B15 /* HUD.h */,
			);
			name = GameEngine;
			sourceTree = "<group>";
		};
		3535A09B1DF89B1F008D0DBE = {
			isa = PBXGroup;
			children = (
				3535A0A71DF89B1F008D0DBE /* TestApp */,
				3535A0A61DF89B1F008D0DBE /* Products */,
			);
			sourceTree = "<group>";
		};
		3535A0A61DF89B1F008D0DBE /* Products */ = {
			isa = PBXGroup;
			children = (
				3535A0A51DF89B1F008D0DBE /* TestApp.app */,
			);
			name = Products;
			sourceTree = "<group>";
		};
		3535A0A71DF89B1F008D0DBE /* TestApp */ = {
			isa = PBXGroup;
			children = (
				3535A0AA1DF89B1F008D0DBE /* ResourcePath.mm */,
				350182841DFC5765002547F9 /* Platform.cpp */,
				350182851DFC5765002547F9 /* Platform.h */,
				350182991E06E065002547F9 /* Plaque.cpp */,
				3501829A1E06E065002547F9 /* Plaque.h */,
				3501828A1DFC57E6002547F9 /* Player.cpp */,
				351B6A991E12D23D000A6B15 /* ObjectFundamental.cpp */,
				351B6A9A1E12D23D000A6B15 /* ObjectFundamental.h */,
				351B6A9C1E155CE2000A6B15 /* GameEntities */,
				3501828B1DFC57E6002547F9 /* Player.h */,
				350182941E01C07F002547F9 /* GameFundamental.cpp */,
				350182951E01C07F002547F9 /* GameFundamental.h */,
				351B6AB51E157E65000A6B15 /* utils.h */,
				3501828D1DFC5824002547F9 /* Game.h */,
				3501829C1E06E075002547F9 /* PlaqueSet.cpp */,
				351B6AAC1E1568CF000A6B15 /* GameEngine */,
				3501829D1E06E075002547F9 /* PlaqueSet.h */,
				350182971E01DCA6002547F9 /* Game.cpp */,
				350182911DFF3EC4002547F9 /* Screen.cpp */,
				350182921DFF3EC4002547F9 /* Screen.h */,
				351B6AA61E155E31000A6B15 /* Games */,
				3535A0AC1DF89B1F008D0DBE /* ResourcePath.hpp */,
				3501828E1DFC5C16002547F9 /* Interactions.cpp */,
				3501828F1DFC5C16002547F9 /* Interactions.h */,
				359EFC431E54EAA70071E07D /* sound.cpp */,
				359EFC441E54EAA70071E07D /* sound.h */,
				3535A0AD1DF89B1F008D0DBE /* main.cpp */,
				3535A0AF1DF89B1F008D0DBE /* Resources */,
				3535A0A81DF89B1F008D0DBE /* Supporting Files */,
			);
			path = TestApp;
			sourceTree = "<group>";
		};
		3535A0A81DF89B1F008D0DBE /* Supporting Files */ = {
			isa = PBXGroup;
			children = (
				3535A0A91DF89B1F008D0DBE /* TestApp-Info.plist */,
			);
			name = "Supporting Files";
			sourceTree = "<group>";
		};
		3535A0AF1DF89B1F008D0DBE /* Resources */ = {
			isa = PBXGroup;
			children = (
				351B6AB01E156A6B000A6B15 /* bob.png */,
				3535A0B01DF89B1F008D0DBE /* cute_image.jpg */,
				351B6AA71E156068000A6B15 /* DS-DIGIT.TTF */,
				3535A0B21DF89B1F008D0DBE /* nice_music.ogg */,
				3535A0B41DF89B1F008D0DBE /* sansation.ttf */,
				3535A0B61DF89B1F008D0DBE /* icon.png */,
			);
			name = Resources;
			sourceTree = "<group>";
		};
/* End PBXGroup section */

/* Begin PBXNativeTarget section */
		3535A0A41DF89B1F008D0DBE /* TestApp */ = {
			isa = PBXNativeTarget;
			buildConfigurationList = 3535A0BA1DF89B20008D0DBE /* Build configuration list for PBXNativeTarget "TestApp" */;
			buildPhases = (
				3535A0A01DF89B1F008D0DBE /* Sources */,
				3535A0A11DF89B1F008D0DBE /* Frameworks */,
				3535A0A21DF89B1F008D0DBE /* Resources */,
				3535A0A31DF89B1F008D0DBE /* ShellScript */,
			);
			buildRules = (
			);
			dependencies = (
			);
			name = TestApp;
			productName = TestApp;
			productReference = 3535A0A51DF89B1F008D0DBE /* TestApp.app */;
			productType = "com.apple.product-type.application";
		};
/* End PBXNativeTarget section */

/* Begin PBXProject section */
		3535A09C1DF89B1F008D0DBE /* Project object */ = {
			isa = PBXProject;
			attributes = {
				LastUpgradeCheck = 0610;
				ORGANIZATIONNAME = "Jonathan Pearson";
				TargetAttributes = {
					3535A0A41DF89B1F008D0DBE = {
						CreatedOnToolsVersion = 6.1.1;
					};
				};
			};
			buildConfigurationList = 3535A09F1DF89B1F008D0DBE /* Build configuration list for PBXProject "TestApp" */;
			compatibilityVersion = "Xcode 3.2";
			developmentRegion = English;
			hasScannedForEncodings = 0;
			knownRegions = (
				en,
			);
			mainGroup = 3535A09B1DF89B1F008D0DBE;
			productRefGroup = 3535A0A61DF89B1F008D0DBE /* Products */;
			projectDirPath = "";
			projectRoot = "";
			targets = (
				3535A0A41DF89B1F008D0DBE /* TestApp */,
			);
		};
/* End PBXProject section */

/* Begin PBXResourcesBuildPhase section */
		3535A0A21DF89B1F008D0DBE /* Resources */ = {
			isa = PBXResourcesBuildPhase;
			buildActionMask = 2147483647;
			files = (
				351B6AA81E156068000A6B15 /* DS-DIGIT.TTF in Resources */,
				3535A0B71DF89B1F008D0DBE /* icon.png in Resources */,
				3535A0B51DF89B1F008D0DBE /* sansation.ttf in Resources */,
				351B6AB11E156A6B000A6B15 /* bob.png in Resources */,
				3535A0B31DF89B1F008D0DBE /* nice_music.ogg in Resources */,
				3535A0B11DF89B1F008D0DBE /* cute_image.jpg in Resources */,
			);
			runOnlyForDeploymentPostprocessing = 0;
		};
/* End PBXResourcesBuildPhase section */

/* Begin PBXShellScriptBuildPhase section */
		3535A0A31DF89B1F008D0DBE /* ShellScript */ = {
			isa = PBXShellScriptBuildPhase;
			buildActionMask = 2147483647;
			files = (
			);
			inputPaths = (
			);
			outputPaths = (
			);
			runOnlyForDeploymentPostprocessing = 0;
			shellPath = /bin/sh;
			shellScript = "# This shell script simply copies required SFML dylibs/frameworks into the application bundle frameworks folder.\n# If you're using static libraries (which is not recommended) you should remove this script from your project.\n\n# SETTINGS\nCMAKE_INSTALL_FRAMEWORK_PREFIX=\"/Library/Frameworks\"\nCMAKE_INSTALL_LIB_PREFIX=\"/usr/local/lib\"\nFRAMEWORKS_FULL_PATH=\"$BUILT_PRODUCTS_DIR/$FRAMEWORKS_FOLDER_PATH/\"\n\n# Are we building a project that uses frameworks or dylibs?\ncase \"$SFML_BINARY_TYPE\" in\n    DYLIBS)\n        frameworks=\"false\"\n        ;;\n    *)\n        frameworks=\"true\"\n        ;;\nesac\n\n# Echoes to stderr\nerror () # $* message to display\n{\n    echo $* 1>&2\n    exit 2\n}\n\nassert () # $1 is a boolean, $2...N is an error message\n{\n    if [ $# -lt 2 ]\n    then\n        error \"Internal error in assert: not enough args\"\n    fi\n\n    if [ $1 -ne 0 ]\n    then\n        shift\n        error \"$*\"\n    fi\n}\n\nforce_remove () # $@ is some paths\n{\n    test $# -ge 1\n    assert $? \"force_remove() requires at least one parameter\"\n    rm -fr $@\n    assert $? \"couldn't remove $@\"\n}\n\ncopy () # $1 is a source, $2 is a destination\n{\n    test $# -eq 2\n    assert $? \"copy() requires two parameters\"\n    ditto \"$1\" \"$2\"\n    assert $? \"couldn't copy $1 to $2\"\n}\n\nrequire () # $1 is a SFML module like 'system' or 'audio'\n{\n    dest=\"$BUILT_PRODUCTS_DIR/$FRAMEWORKS_FOLDER_PATH/\"\n\n    if [ -z \"$1\" ]\n    then\n        error \"require() requires one parameter!\"\n    else\n        # clean potentially old stuff\n        force_remove \"$dest/libsfml-$1\"*\n        force_remove \"$dest/sfml-$1.framework\"\n\n        # copy SFML libraries\n        if [ \"$frameworks\" = \"true\" ]\n        then\n            source=\"$CMAKE_INSTALL_FRAMEWORK_PREFIX/sfml-$1.framework\"\n            target=\"sfml-$1.framework\"\n        elif [ \"$SFML_LINK_DYLIBS_SUFFIX\" = \"-d\" ]\n        then\n            source=\"$CMAKE_INSTALL_LIB_PREFIX/libsfml-$1-d.dylib\"\n            target=\"`readlink $source`\"\n        else\n            source=\"$CMAKE_INSTALL_LIB_PREFIX/libsfml-$1.dylib\"\n            target=\"`readlink $source`\"\n        fi\n\n        copy \"$source\" \"$dest/$target\"\n\n        # copy extra dependencies\n        if [ \"$1\" = \"audio\" ]\n        then\n            # copy \"FLAC\" \"ogg\" \"vorbis\" \"vorbisenc\" \"vorbisfile\" \"OpenAL\" frameworks too\n            for f in \"FLAC\" \"ogg\" \"vorbis\" \"vorbisenc\" \"vorbisfile\" \"OpenAL\"\n            do\n                copy \"$CMAKE_INSTALL_FRAMEWORK_PREFIX/$f.framework\" \"$dest/$f.framework\"\n            done\n        elif [ \"$1\" = \"graphics\" ]\n        then\n            copy \"$CMAKE_INSTALL_FRAMEWORK_PREFIX/freetype.framework\" \"$dest/freetype.framework\"\n        fi\n    fi\n}\n\nif [ -n \"$SFML_SYSTEM\" ]\nthen\n    require \"system\"\nfi\n\nif [ -n \"$SFML_AUDIO\" ]\nthen\n    require \"audio\"\nfi\n\nif [ -n \"$SFML_NETWORK\" ]\nthen\n    require \"network\"\nfi\n\nif [ -n \"$SFML_WINDOW\" ]\nthen\n    require \"window\"\nfi\n\nif [ -n \"$SFML_GRAPHICS\" ]\nthen\n    require \"graphics\"\nfi\n\n                ";
		};
/* End PBXShellScriptBuildPhase section */

/* Begin PBXSourcesBuildPhase section */
		3535A0A01DF89B1F008D0DBE /* Sources */ = {
			isa = PBXSourcesBuildPhase;
			buildActionMask = 2147483647;
			files = (
				351B6A9B1E12D23D000A6B15 /* ObjectFundamental.cpp in Sources */,
				3501829E1E06E075002547F9 /* PlaqueSet.cpp in Sources */,
				351B6AB91E159819000A6B15 /* Block.cpp in Sources */,
				350182981E01DCA7002547F9 /* Game.cpp in Sources */,
				350182931DFF3EC4002547F9 /* Screen.cpp in Sources */,
				351B6A9F1E155CF3000A6B15 /* Bat.cpp in Sources */,
				3535A0AE1DF89B1F008D0DBE /* main.cpp in Sources */,
				351B6AA21E155DA1000A6B15 /* Ball.cpp in Sources */,
				350182861DFC5765002547F9 /* Platform.cpp in Sources */,
				351B6AAF1E1568DF000A6B15 /* Engine.cpp in Sources */,
				351B6AB41E1577BD000A6B15 /* HUD.cpp in Sources */,
				3535A0AB1DF89B1F008D0DBE /* ResourcePath.mm in Sources */,
				351B6AA51E155E1C000A6B15 /* Pong.cpp in Sources */,
				350182891DFC57A7002547F9 /* Collider.cpp in Sources */,
				351B6ABF1E15A988000A6B15 /* Blocks.cpp in Sources */,
				359EFC451E54EAA70071E07D /* sound.cpp in Sources */,
				351B6AAB1E15682F000A6B15 /* Bob.cpp in Sources */,
				350182961E01C07F002547F9 /* GameFundamental.cpp in Sources */,
				350182901DFC5C16002547F9 /* Interactions.cpp in Sources */,
				3501828C1DFC57E6002547F9 /* Player.cpp in Sources */,
				3501829B1E06E065002547F9 /* Plaque.cpp in Sources */,
				351B6ABC1E159C2A000A6B15 /* Hitter.cpp in Sources */,
			);
			runOnlyForDeploymentPostprocessing = 0;
		};
/* End PBXSourcesBuildPhase section */

/* Begin XCBuildConfiguration section */
		3535A0B81DF89B1F008D0DBE /* Debug */ = {
			isa = XCBuildConfiguration;
			buildSettings = {
				ARCHS = "$(NATIVE_ARCH_ACTUAL)";
				CLANG_CXX_LANGUAGE_STANDARD = "c++0x";
				CLANG_CXX_LIBRARY = "libc++";
				FRAMEWORK_SEARCH_PATHS = (
					/Library/Frameworks/,
					"$(inherited)",
				);
				GCC_VERSION = com.apple.compilers.llvm.clang.1_0;
				HEADER_SEARCH_PATHS = (
					/usr/local/include/,
					"$(inherited)",
				);
				LIBRARY_SEARCH_PATHS = (
					/usr/local/lib/,
					"$(inherited)",
				);
				MACOSX_DEPLOYMENT_TARGET = 10.7;
				OTHER_LDFLAGS = (
					"$(inherited)",
					"$(SFML_SYSTEM)",
					"$(SFML_WINDOW)",
					"$(SFML_GRAPHICS)",
					"$(SFML_AUDIO)",
					"$(SFML_NETWORK)",
				);
				SFML_AUDIO = "$(SFML_LINK_PREFIX) sfml-audio$(SFML_LINK_SUFFIX)";
				SFML_BINARY_TYPE = FRAMEWORKS;
				SFML_GRAPHICS = "$(SFML_LINK_PREFIX) sfml-graphics$(SFML_LINK_SUFFIX)";
				SFML_LINK_DYLIBS_PREFIX = "-l";
				SFML_LINK_DYLIBS_SUFFIX = "";
				SFML_LINK_FRAMEWORKS_PREFIX = "-framework";
				SFML_LINK_FRAMEWORKS_SUFFIX = "";
				SFML_LINK_PREFIX = "$(SFML_LINK_$(SFML_BINARY_TYPE)_PREFIX)";
				SFML_LINK_SUFFIX = "$(SFML_LINK_$(SFML_BINARY_TYPE)_SUFFIX)";
				SFML_NETWORK = "$(SFML_LINK_PREFIX) sfml-network$(SFML_LINK_SUFFIX)";
				SFML_SYSTEM = "$(SFML_LINK_PREFIX) sfml-system$(SFML_LINK_SUFFIX)";
				SFML_WINDOW = "$(SFML_LINK_PREFIX) sfml-window$(SFML_LINK_SUFFIX)";
				SUPPORTED_PLATFORMS = macosx;
			};
			name = Debug;
		};
		3535A0B91DF89B1F008D0DBE /* Release */ = {
			isa = XCBuildConfiguration;
			buildSettings = {
				ARCHS = "$(NATIVE_ARCH_ACTUAL)";
				CLANG_CXX_LANGUAGE_STANDARD = "c++0x";
				CLANG_CXX_LIBRARY = "libc++";
				FRAMEWORK_SEARCH_PATHS = (
					/Library/Frameworks/,
					"$(inherited)",
				);
				GCC_VERSION = com.apple.compilers.llvm.clang.1_0;
				HEADER_SEARCH_PATHS = (
					/usr/local/include/,
					"$(inherited)",
				);
				LIBRARY_SEARCH_PATHS = (
					/usr/local/lib/,
					"$(inherited)",
				);
				MACOSX_DEPLOYMENT_TARGET = 10.7;
				OTHER_LDFLAGS = (
					"$(inherited)",
					"$(SFML_SYSTEM)",
					"$(SFML_WINDOW)",
					"$(SFML_GRAPHICS)",
					"$(SFML_AUDIO)",
					"$(SFML_NETWORK)",
				);
				SFML_AUDIO = "$(SFML_LINK_PREFIX) sfml-audio$(SFML_LINK_SUFFIX)";
				SFML_BINARY_TYPE = FRAMEWORKS;
				SFML_GRAPHICS = "$(SFML_LINK_PREFIX) sfml-graphics$(SFML_LINK_SUFFIX)";
				SFML_LINK_DYLIBS_PREFIX = "-l";
				SFML_LINK_DYLIBS_SUFFIX = "";
				SFML_LINK_FRAMEWORKS_PREFIX = "-framework";
				SFML_LINK_FRAMEWORKS_SUFFIX = "";
				SFML_LINK_PREFIX = "$(SFML_LINK_$(SFML_BINARY_TYPE)_PREFIX)";
				SFML_LINK_SUFFIX = "$(SFML_LINK_$(SFML_BINARY_TYPE)_SUFFIX)";
				SFML_NETWORK = "$(SFML_LINK_PREFIX) sfml-network$(SFML_LINK_SUFFIX)";
				SFML_SYSTEM = "$(SFML_LINK_PREFIX) sfml-system$(SFML_LINK_SUFFIX)";
				SFML_WINDOW = "$(SFML_LINK_PREFIX) sfml-window$(SFML_LINK_SUFFIX)";
				SUPPORTED_PLATFORMS = macosx;
			};
			name = Release;
		};
		3535A0BB1DF89B20008D0DBE /* Debug */ = {
			isa = XCBuildConfiguration;
			buildSettings = {
				INFOPLIST_FILE = "TestApp/TestApp-Info.plist";
				LD_RUNPATH_SEARCH_PATHS = "@loader_path/../Frameworks";
				PRODUCT_NAME = "$(TARGET_NAME)";
			};
			name = Debug;
		};
		3535A0BC1DF89B20008D0DBE /* Release */ = {
			isa = XCBuildConfiguration;
			buildSettings = {
				INFOPLIST_FILE = "TestApp/TestApp-Info.plist";
				LD_RUNPATH_SEARCH_PATHS = "@loader_path/../Frameworks";
				PRODUCT_NAME = "$(TARGET_NAME)";
			};
			name = Release;
		};
/* End XCBuildConfiguration section */

/* Begin XCConfigurationList section */
		3535A09F1DF89B1F008D0DBE /* Build configuration list for PBXProject "TestApp" */ = {
			isa = XCConfigurationList;
			buildConfigurations = (
				3535A0B81DF89B1F008D0DBE /* Debug */,
				3535A0B91DF89B1F008D0DBE /* Release */,
			);
			defaultConfigurationIsVisible = 0;
			defaultConfigurationName = Release;
		};
		3535A0BA1DF89B20008D0DBE /* Build configuration list for PBXNativeTarget "TestApp" */ = {
			isa = XCConfigurationList;
			buildConfigurations = (
				3535A0BB1DF89B20008D0DBE /* Debug */,
				3535A0BC1DF89B20008D0DBE /* Release */,
			);
			defaultConfigurationIsVisible = 0;
			defaultConfigurationName = Release;
		};
/* End XCConfigurationList section */
	};
	rootObject = 3535A09C1DF89B1F008D0DBE /* Project object */;
}
